schema: '2.0'
stages:
  evaluate:
    cmd: python evaluate.py
    deps:
    - path: evaluate.py
      md5: 22d26a12e9fb628b1e0fb39a4aee9893
      size: 7383
    outs:
    - path: export.json
      md5: e623be3486729d9a6f85fcb9ad954fd8
      size: 775
    - path: result_export.png
      md5: 11136654d2b802bc5590395322e53d22
      size: 16463
  prepare_data:
    cmd: python prepare_data.py
    deps:
    - path: prepare_data.py
      md5: 82b1a7d3fee8371d4c6b7cad3813aa5e
      size: 2680
    outs:
    - path: df_test_.csv
      md5: fe90c7ff8e23ccef2d1d5f117f58a587
      size: 17528
    - path: df_train_.csv
      md5: ae3f58b9adbc5c11ee777d742d903bd8
      size: 3642088
  modeling:
    cmd: python modeling.py
    deps:
    - path: df_test_.csv
      md5: fe90c7ff8e23ccef2d1d5f117f58a587
      size: 17528
    - path: df_train_.csv
      md5: ae3f58b9adbc5c11ee777d742d903bd8
      size: 3642088
    - path: modeling.py
      md5: 476ac1ca01b3dc2e2a36ae6ce376a6e9
      size: 4426
    outs:
    - path: DecisionTreeRegressor_model.pkl
      md5: c8da857c0bbe0b45c94578da48da1c9f
      size: 17629
    - path: Lasso_model.pkl
      md5: a20bea05c9efdbd68c99085961401b68
      size: 958
    - path: LinearRegression_model.pkl
      md5: 2e6233dd1b5ee5adf349e5e86bce5e9e
      size: 940
    - path: RandomForestRegressor.pkl
      md5: e8ebf6414eeb16b500ecf5950adbecac
      size: 231642
    - path: polyreg_model.pkl
      md5: 3955cb29780088f4f66a9ea4e527bfa7
      size: 1817
