schema: '2.0'
stages:
  prepare_data:
    cmd: python src/prepare_data.py
    deps:
    - path: src/prepare_data.py
      md5: 393e7b166c5c5c66ce8db2826d77ea7b
      size: 2707
    outs:
    - path: df_test_.csv
      md5: fe90c7ff8e23ccef2d1d5f117f58a587
      size: 17528
    - path: df_train_.csv
      md5: ae3f58b9adbc5c11ee777d742d903bd8
      size: 3642088
  modeling:
    cmd: python src/modeling.py
    deps:
    - path: src/modeling.py
      md5: f98ccc7077b0e0c22c69d4d1e83b472a
      size: 4422
    outs:
    - path: DecisionTreeRegressor_model.pkl
      md5: c8da857c0bbe0b45c94578da48da1c9f
      size: 17629
    - path: Lasso_model.pkl
      md5: a20bea05c9efdbd68c99085961401b68
      size: 958
    - path: LinearRegression_model.pkl
      md5: 2e6233dd1b5ee5adf349e5e86bce5e9e
      size: 940
    - path: RandomForestRegressor.pkl
      md5: e8ebf6414eeb16b500ecf5950adbecac
      size: 231642
    - path: polyreg_model.pkl
      md5: 3955cb29780088f4f66a9ea4e527bfa7
      size: 1817
  evaluate:
    cmd: python src/evaluate.py
    deps:
    - path: src/evaluate.py
      md5: 201e03f7bda528b99017330e69f1997d
      size: 7306
    outs:
    - path: export.json
      md5: e623be3486729d9a6f85fcb9ad954fd8
      size: 775
